// !$*UTF8*$!
{
	archiveVersion = 1;
	classes = {
	};
	objectVersion = 50;
	objects = {

/* Begin PBXBuildFile section */
		3486C3A720A2181D00F1DE30 /* AppDelegate.swift in Sources */ = {isa = PBXBuildFile; fileRef = 3486C3A620A2181D00F1DE30 /* AppDelegate.swift */; };
		3486C3B220A2181D00F1DE30 /* Main.storyboard in Resources */ = {isa = PBXBuildFile; fileRef = 3486C3B020A2181D00F1DE30 /* Main.storyboard */; };
		3486C3B420A2181F00F1DE30 /* Assets.xcassets in Resources */ = {isa = PBXBuildFile; fileRef = 3486C3B320A2181F00F1DE30 /* Assets.xcassets */; };
		3486C3B720A2181F00F1DE30 /* LaunchScreen.storyboard in Resources */ = {isa = PBXBuildFile; fileRef = 3486C3B520A2181F00F1DE30 /* LaunchScreen.storyboard */; };
		3486C3C320A230A200F1DE30 /* SceneMovementProtocol.swift in Sources */ = {isa = PBXBuildFile; fileRef = 3486C3C220A230A200F1DE30 /* SceneMovementProtocol.swift */; };
		3486C3C620A2373200F1DE30 /* Snake.swift in Sources */ = {isa = PBXBuildFile; fileRef = 3486C3C520A2373200F1DE30 /* Snake.swift */; };
		3486C3EC20A253B400F1DE30 /* AccelerometerSceneMovement.swift in Sources */ = {isa = PBXBuildFile; fileRef = 3486C3EB20A253B400F1DE30 /* AccelerometerSceneMovement.swift */; };
		34D9A99F20A4F21C009D0281 /* ControllerProtocol.swift in Sources */ = {isa = PBXBuildFile; fileRef = 34D9A99E20A4F21C009D0281 /* ControllerProtocol.swift */; };
		34D9A9A220A5063F009D0281 /* Grid.swift in Sources */ = {isa = PBXBuildFile; fileRef = 34D9A9A120A5063F009D0281 /* Grid.swift */; };
		34D9A9AE20A60CBC009D0281 /* Point.swift in Sources */ = {isa = PBXBuildFile; fileRef = 34D9A9AD20A60CBC009D0281 /* Point.swift */; };
		34D9A9B120A61D07009D0281 /* RGBColor.swift in Sources */ = {isa = PBXBuildFile; fileRef = 34D9A9B020A61D07009D0281 /* RGBColor.swift */; };
		34E96DE720A7A9CF008CEDB7 /* GameScenary.swift in Sources */ = {isa = PBXBuildFile; fileRef = 34E96DE620A7A9CF008CEDB7 /* GameScenary.swift */; };
		34E96DE920A7B353008CEDB7 /* ViewUpdateModel.swift in Sources */ = {isa = PBXBuildFile; fileRef = 34E96DE820A7B353008CEDB7 /* ViewUpdateModel.swift */; };
		34E96DEB20A7B41A008CEDB7 /* UpdateComponent.swift in Sources */ = {isa = PBXBuildFile; fileRef = 34E96DEA20A7B41A008CEDB7 /* UpdateComponent.swift */; };
		34E96DF620A7BF1E008CEDB7 /* GameControllerDelegate.swift in Sources */ = {isa = PBXBuildFile; fileRef = 34E96DF020A7BF1E008CEDB7 /* GameControllerDelegate.swift */; };
		34E96DF720A7BF1E008CEDB7 /* GameSceneView.sks in Resources */ = {isa = PBXBuildFile; fileRef = 34E96DF120A7BF1E008CEDB7 /* GameSceneView.sks */; };
		34E96DF820A7BF1E008CEDB7 /* GameSceneView.swift in Sources */ = {isa = PBXBuildFile; fileRef = 34E96DF220A7BF1E008CEDB7 /* GameSceneView.swift */; };
		34E96DF920A7BF1E008CEDB7 /* GameViewController.swift in Sources */ = {isa = PBXBuildFile; fileRef = 34E96DF320A7BF1E008CEDB7 /* GameViewController.swift */; };
		34E96DFA20A7BF1E008CEDB7 /* StartController.swift in Sources */ = {isa = PBXBuildFile; fileRef = 34E96DF520A7BF1E008CEDB7 /* StartController.swift */; };
/* End PBXBuildFile section */

/* Begin PBXFileReference section */
		3486C3A320A2181D00F1DE30 /* Snake.app */ = {isa = PBXFileReference; explicitFileType = wrapper.application; includeInIndex = 0; path = Snake.app; sourceTree = BUILT_PRODUCTS_DIR; };
		3486C3A620A2181D00F1DE30 /* AppDelegate.swift */ = {isa = PBXFileReference; lastKnownFileType = sourcecode.swift; path = AppDelegate.swift; sourceTree = "<group>"; };
		3486C3B120A2181D00F1DE30 /* Base */ = {isa = PBXFileReference; lastKnownFileType = file.storyboard; name = Base; path = Base.lproj/Main.storyboard; sourceTree = "<group>"; };
		3486C3B320A2181F00F1DE30 /* Assets.xcassets */ = {isa = PBXFileReference; lastKnownFileType = folder.assetcatalog; path = Assets.xcassets; sourceTree = "<group>"; };
		3486C3B620A2181F00F1DE30 /* Base */ = {isa = PBXFileReference; lastKnownFileType = file.storyboard; name = Base; path = Base.lproj/LaunchScreen.storyboard; sourceTree = "<group>"; };
		3486C3B820A2181F00F1DE30 /* Info.plist */ = {isa = PBXFileReference; lastKnownFileType = text.plist.xml; path = Info.plist; sourceTree = "<group>"; };
		3486C3C220A230A200F1DE30 /* SceneMovementProtocol.swift */ = {isa = PBXFileReference; lastKnownFileType = sourcecode.swift; path = SceneMovementProtocol.swift; sourceTree = "<group>"; };
		3486C3C520A2373200F1DE30 /* Snake.swift */ = {isa = PBXFileReference; lastKnownFileType = sourcecode.swift; path = Snake.swift; sourceTree = "<group>"; };
		3486C3EB20A253B400F1DE30 /* AccelerometerSceneMovement.swift */ = {isa = PBXFileReference; lastKnownFileType = sourcecode.swift; path = AccelerometerSceneMovement.swift; sourceTree = "<group>"; };
		34D9A99E20A4F21C009D0281 /* ControllerProtocol.swift */ = {isa = PBXFileReference; lastKnownFileType = sourcecode.swift; path = ControllerProtocol.swift; sourceTree = "<group>"; };
		34D9A9A120A5063F009D0281 /* Grid.swift */ = {isa = PBXFileReference; lastKnownFileType = sourcecode.swift; path = Grid.swift; sourceTree = "<group>"; };
		34D9A9AD20A60CBC009D0281 /* Point.swift */ = {isa = PBXFileReference; lastKnownFileType = sourcecode.swift; path = Point.swift; sourceTree = "<group>"; };
		34D9A9B020A61D07009D0281 /* RGBColor.swift */ = {isa = PBXFileReference; lastKnownFileType = sourcecode.swift; path = RGBColor.swift; sourceTree = "<group>"; };
		34E96DE620A7A9CF008CEDB7 /* GameScenary.swift */ = {isa = PBXFileReference; lastKnownFileType = sourcecode.swift; path = GameScenary.swift; sourceTree = "<group>"; };
		34E96DE820A7B353008CEDB7 /* ViewUpdateModel.swift */ = {isa = PBXFileReference; lastKnownFileType = sourcecode.swift; path = ViewUpdateModel.swift; sourceTree = "<group>"; };
		34E96DEA20A7B41A008CEDB7 /* UpdateComponent.swift */ = {isa = PBXFileReference; lastKnownFileType = sourcecode.swift; path = UpdateComponent.swift; sourceTree = "<group>"; };
		34E96DF020A7BF1E008CEDB7 /* GameControllerDelegate.swift */ = {isa = PBXFileReference; fileEncoding = 4; lastKnownFileType = sourcecode.swift; path = GameControllerDelegate.swift; sourceTree = "<group>"; };
		34E96DF120A7BF1E008CEDB7 /* GameSceneView.sks */ = {isa = PBXFileReference; lastKnownFileType = file.sks; path = GameSceneView.sks; sourceTree = "<group>"; };
		34E96DF220A7BF1E008CEDB7 /* GameSceneView.swift */ = {isa = PBXFileReference; fileEncoding = 4; lastKnownFileType = sourcecode.swift; path = GameSceneView.swift; sourceTree = "<group>"; };
		34E96DF320A7BF1E008CEDB7 /* GameViewController.swift */ = {isa = PBXFileReference; fileEncoding = 4; lastKnownFileType = sourcecode.swift; path = GameViewController.swift; sourceTree = "<group>"; };
		34E96DF520A7BF1E008CEDB7 /* StartController.swift */ = {isa = PBXFileReference; fileEncoding = 4; lastKnownFileType = sourcecode.swift; path = StartController.swift; sourceTree = "<group>"; };
/* End PBXFileReference section */

/* Begin PBXFrameworksBuildPhase section */
		3486C3A020A2181D00F1DE30 /* Frameworks */ = {
			isa = PBXFrameworksBuildPhase;
			buildActionMask = 2147483647;
			files = (
			);
			runOnlyForDeploymentPostprocessing = 0;
		};
/* End PBXFrameworksBuildPhase section */

/* Begin PBXGroup section */
		3486C39A20A2181D00F1DE30 = {
			isa = PBXGroup;
			children = (
				3486C3A520A2181D00F1DE30 /* Snake */,
				3486C3A420A2181D00F1DE30 /* Products */,
			);
			sourceTree = "<group>";
		};
		3486C3A420A2181D00F1DE30 /* Products */ = {
			isa = PBXGroup;
			children = (
				3486C3A320A2181D00F1DE30 /* Snake.app */,
			);
			name = Products;
			sourceTree = "<group>";
		};
		3486C3A520A2181D00F1DE30 /* Snake */ = {
			isa = PBXGroup;
			children = (
				34E96DEE20A7BF1E008CEDB7 /* Controllers */,
				34D9A9AF20A61CF0009D0281 /* Core */,
				34D9A9AA20A60348009D0281 /* GameNodes */,
				3486C3C420A2372800F1DE30 /* Models */,
				3486C3C120A2305A00F1DE30 /* SceneMovementControl */,
				3486C3A620A2181D00F1DE30 /* AppDelegate.swift */,
				3486C3B020A2181D00F1DE30 /* Main.storyboard */,
				3486C3B320A2181F00F1DE30 /* Assets.xcassets */,
				3486C3B520A2181F00F1DE30 /* LaunchScreen.storyboard */,
				3486C3B820A2181F00F1DE30 /* Info.plist */,
			);
			path = Snake;
			sourceTree = "<group>";
		};
		3486C3C120A2305A00F1DE30 /* SceneMovementControl */ = {
			isa = PBXGroup;
			children = (
				3486C3C220A230A200F1DE30 /* SceneMovementProtocol.swift */,
				3486C3EB20A253B400F1DE30 /* AccelerometerSceneMovement.swift */,
				34D9A99E20A4F21C009D0281 /* ControllerProtocol.swift */,
			);
			path = SceneMovementControl;
			sourceTree = "<group>";
		};
		3486C3C420A2372800F1DE30 /* Models */ = {
			isa = PBXGroup;
			children = (
				3486C3C520A2373200F1DE30 /* Snake.swift */,
				34D9A9AD20A60CBC009D0281 /* Point.swift */,
				34E96DE620A7A9CF008CEDB7 /* GameScenary.swift */,
				34E96DE820A7B353008CEDB7 /* ViewUpdateModel.swift */,
				34E96DEA20A7B41A008CEDB7 /* UpdateComponent.swift */,
			);
			path = Models;
			sourceTree = "<group>";
		};
		34D9A9AA20A60348009D0281 /* GameNodes */ = {
			isa = PBXGroup;
			children = (
				34D9A9A120A5063F009D0281 /* Grid.swift */,
			);
			path = GameNodes;
			sourceTree = "<group>";
		};
		34D9A9AF20A61CF0009D0281 /* Core */ = {
			isa = PBXGroup;
			children = (
				34D9A9B020A61D07009D0281 /* RGBColor.swift */,
			);
			path = Core;
			sourceTree = "<group>";
		};
		34E96DEE20A7BF1E008CEDB7 /* Controllers */ = {
			isa = PBXGroup;
			children = (
				34E96DEF20A7BF1E008CEDB7 /* GameSceneView */,
				34E96DF420A7BF1E008CEDB7 /* StartController */,
			);
			path = Controllers;
			sourceTree = "<group>";
		};
		34E96DEF20A7BF1E008CEDB7 /* GameSceneView */ = {
			isa = PBXGroup;
			children = (
				34E96DF020A7BF1E008CEDB7 /* GameControllerDelegate.swift */,
				34E96DF120A7BF1E008CEDB7 /* GameSceneView.sks */,
				34E96DF220A7BF1E008CEDB7 /* GameSceneView.swift */,
				34E96DF320A7BF1E008CEDB7 /* GameViewController.swift */,
			);
			path = GameSceneView;
			sourceTree = "<group>";
		};
		34E96DF420A7BF1E008CEDB7 /* StartController */ = {
			isa = PBXGroup;
			children = (
				34E96DF520A7BF1E008CEDB7 /* StartController.swift */,
			);
			path = StartController;
			sourceTree = "<group>";
		};
/* End PBXGroup section */

/* Begin PBXNativeTarget section */
		3486C3A220A2181D00F1DE30 /* Snake */ = {
			isa = PBXNativeTarget;
			buildConfigurationList = 3486C3BB20A2181F00F1DE30 /* Build configuration list for PBXNativeTarget "Snake" */;
			buildPhases = (
				3486C39F20A2181D00F1DE30 /* Sources */,
				3486C3A020A2181D00F1DE30 /* Frameworks */,
				3486C3A120A2181D00F1DE30 /* Resources */,
			);
			buildRules = (
			);
			dependencies = (
			);
			name = Snake;
			productName = Snake;
			productReference = 3486C3A320A2181D00F1DE30 /* Snake.app */;
			productType = "com.apple.product-type.application";
		};
/* End PBXNativeTarget section */

/* Begin PBXProject section */
		3486C39B20A2181D00F1DE30 /* Project object */ = {
			isa = PBXProject;
			attributes = {
				LastSwiftUpdateCheck = 0930;
				LastUpgradeCheck = 0930;
				ORGANIZATIONNAME = DevChallenge;
				TargetAttributes = {
					3486C3A220A2181D00F1DE30 = {
						CreatedOnToolsVersion = 9.3;
					};
				};
			};
			buildConfigurationList = 3486C39E20A2181D00F1DE30 /* Build configuration list for PBXProject "Snake" */;
			compatibilityVersion = "Xcode 9.3";
			developmentRegion = en;
			hasScannedForEncodings = 0;
			knownRegions = (
				en,
				Base,
			);
			mainGroup = 3486C39A20A2181D00F1DE30;
			productRefGroup = 3486C3A420A2181D00F1DE30 /* Products */;
			projectDirPath = "";
			projectRoot = "";
			targets = (
				3486C3A220A2181D00F1DE30 /* Snake */,
			);
		};
/* End PBXProject section */

/* Begin PBXResourcesBuildPhase section */
		3486C3A120A2181D00F1DE30 /* Resources */ = {
			isa = PBXResourcesBuildPhase;
			buildActionMask = 2147483647;
			files = (
				3486C3B220A2181D00F1DE30 /* Main.storyboard in Resources */,
				34E96DF720A7BF1E008CEDB7 /* GameSceneView.sks in Resources */,
				3486C3B420A2181F00F1DE30 /* Assets.xcassets in Resources */,
				3486C3B720A2181F00F1DE30 /* LaunchScreen.storyboard in Resources */,
			);
			runOnlyForDeploymentPostprocessing = 0;
		};
/* End PBXResourcesBuildPhase section */

/* Begin PBXSourcesBuildPhase section */
		3486C39F20A2181D00F1DE30 /* Sources */ = {
			isa = PBXSourcesBuildPhase;
			buildActionMask = 2147483647;
			files = (
				34E96DFA20A7BF1E008CEDB7 /* StartController.swift in Sources */,
				34E96DF620A7BF1E008CEDB7 /* GameControllerDelegate.swift in Sources */,
				3486C3EC20A253B400F1DE30 /* AccelerometerSceneMovement.swift in Sources */,
				34E96DF820A7BF1E008CEDB7 /* GameSceneView.swift in Sources */,
				34E96DF920A7BF1E008CEDB7 /* GameViewController.swift in Sources */,
				34D9A9B120A61D07009D0281 /* RGBColor.swift in Sources */,
				34D9A99F20A4F21C009D0281 /* ControllerProtocol.swift in Sources */,
				34D9A9A220A5063F009D0281 /* Grid.swift in Sources */,
				3486C3C320A230A200F1DE30 /* SceneMovementProtocol.swift in Sources */,
				34E96DE920A7B353008CEDB7 /* ViewUpdateModel.swift in Sources */,
				34D9A9AE20A60CBC009D0281 /* Point.swift in Sources */,
				3486C3C620A2373200F1DE30 /* Snake.swift in Sources */,
				34E96DE720A7A9CF008CEDB7 /* GameScenary.swift in Sources */,
				34E96DEB20A7B41A008CEDB7 /* UpdateComponent.swift in Sources */,
				3486C3A720A2181D00F1DE30 /* AppDelegate.swift in Sources */,
			);
			runOnlyForDeploymentPostprocessing = 0;
		};
/* End PBXSourcesBuildPhase section */

/* Begin PBXVariantGroup section */
		3486C3B020A2181D00F1DE30 /* Main.storyboard */ = {
			isa = PBXVariantGroup;
			children = (
				3486C3B120A2181D00F1DE30 /* Base */,
			);
			name = Main.storyboard;
			sourceTree = "<group>";
		};
		3486C3B520A2181F00F1DE30 /* LaunchScreen.storyboard */ = {
			isa = PBXVariantGroup;
			children = (
				3486C3B620A2181F00F1DE30 /* Base */,
			);
			name = LaunchScreen.storyboard;
			sourceTree = "<group>";
		};
/* End PBXVariantGroup section */

/* Begin XCBuildConfiguration section */
		3486C3B920A2181F00F1DE30 /* Debug */ = {
			isa = XCBuildConfiguration;
			buildSettings = {
				ALWAYS_SEARCH_USER_PATHS = NO;
				CLANG_ANALYZER_NONNULL = YES;
				CLANG_ANALYZER_NUMBER_OBJECT_CONVERSION = YES_AGGRESSIVE;
				CLANG_CXX_LANGUAGE_STANDARD = "gnu++14";
				CLANG_CXX_LIBRARY = "libc++";
				CLANG_ENABLE_MODULES = YES;
				CLANG_ENABLE_OBJC_ARC = YES;
				CLANG_ENABLE_OBJC_WEAK = YES;
				CLANG_WARN_BLOCK_CAPTURE_AUTORELEASING = YES;
				CLANG_WARN_BOOL_CONVERSION = YES;
				CLANG_WARN_COMMA = YES;
				CLANG_WARN_CONSTANT_CONVERSION = YES;
				CLANG_WARN_DEPRECATED_OBJC_IMPLEMENTATIONS = YES;
				CLANG_WARN_DIRECT_OBJC_ISA_USAGE = YES_ERROR;
				CLANG_WARN_DOCUMENTATION_COMMENTS = YES;
				CLANG_WARN_EMPTY_BODY = YES;
				CLANG_WARN_ENUM_CONVERSION = YES;
				CLANG_WARN_INFINITE_RECURSION = YES;
				CLANG_WARN_INT_CONVERSION = YES;
				CLANG_WARN_NON_LITERAL_NULL_CONVERSION = YES;
				CLANG_WARN_OBJC_IMPLICIT_RETAIN_SELF = YES;
				CLANG_WARN_OBJC_LITERAL_CONVERSION = YES;
				CLANG_WARN_OBJC_ROOT_CLASS = YES_ERROR;
				CLANG_WARN_RANGE_LOOP_ANALYSIS = YES;
				CLANG_WARN_STRICT_PROTOTYPES = YES;
				CLANG_WARN_SUSPICIOUS_MOVE = YES;
				CLANG_WARN_UNGUARDED_AVAILABILITY = YES_AGGRESSIVE;
				CLANG_WARN_UNREACHABLE_CODE = YES;
				CLANG_WARN__DUPLICATE_METHOD_MATCH = YES;
				CODE_SIGN_IDENTITY = "iPhone Developer";
				COPY_PHASE_STRIP = NO;
				DEBUG_INFORMATION_FORMAT = dwarf;
				ENABLE_STRICT_OBJC_MSGSEND = YES;
				ENABLE_TESTABILITY = YES;
				GCC_C_LANGUAGE_STANDARD = gnu11;
				GCC_DYNAMIC_NO_PIC = NO;
				GCC_NO_COMMON_BLOCKS = YES;
				GCC_OPTIMIZATION_LEVEL = 0;
				GCC_PREPROCESSOR_DEFINITIONS = (
					"DEBUG=1",
					"$(inherited)",
				);
				GCC_WARN_64_TO_32_BIT_CONVERSION = YES;
				GCC_WARN_ABOUT_RETURN_TYPE = YES_ERROR;
				GCC_WARN_UNDECLARED_SELECTOR = YES;
				GCC_WARN_UNINITIALIZED_AUTOS = YES_AGGRESSIVE;
				GCC_WARN_UNUSED_FUNCTION = YES;
				GCC_WARN_UNUSED_VARIABLE = YES;
				IPHONEOS_DEPLOYMENT_TARGET = 11.3;
				MTL_ENABLE_DEBUG_INFO = YES;
				ONLY_ACTIVE_ARCH = YES;
				SDKROOT = iphoneos;
				SWIFT_ACTIVE_COMPILATION_CONDITIONS = DEBUG;
				SWIFT_OPTIMIZATION_LEVEL = "-Onone";
			};
			name = Debug;
		};
		3486C3BA20A2181F00F1DE30 /* Release */ = {
			isa = XCBuildConfiguration;
			buildSettings = {
				ALWAYS_SEARCH_USER_PATHS = NO;
				CLANG_ANALYZER_NONNULL = YES;
				CLANG_ANALYZER_NUMBER_OBJECT_CONVERSION = YES_AGGRESSIVE;
				CLANG_CXX_LANGUAGE_STANDARD = "gnu++14";
				CLANG_CXX_LIBRARY = "libc++";
				CLANG_ENABLE_MODULES = YES;
				CLANG_ENABLE_OBJC_ARC = YES;
				CLANG_ENABLE_OBJC_WEAK = YES;
				CLANG_WARN_BLOCK_CAPTURE_AUTORELEASING = YES;
				CLANG_WARN_BOOL_CONVERSION = YES;
				CLANG_WARN_COMMA = YES;
				CLANG_WARN_CONSTANT_CONVERSION = YES;
				CLANG_WARN_DEPRECATED_OBJC_IMPLEMENTATIONS = YES;
				CLANG_WARN_DIRECT_OBJC_ISA_USAGE = YES_ERROR;
				CLANG_WARN_DOCUMENTATION_COMMENTS = YES;
				CLANG_WARN_EMPTY_BODY = YES;
				CLANG_WARN_ENUM_CONVERSION = YES;
				CLANG_WARN_INFINITE_RECURSION = YES;
				CLANG_WARN_INT_CONVERSION = YES;
				CLANG_WARN_NON_LITERAL_NULL_CONVERSION = YES;
				CLANG_WARN_OBJC_IMPLICIT_RETAIN_SELF = YES;
				CLANG_WARN_OBJC_LITERAL_CONVERSION = YES;
				CLANG_WARN_OBJC_ROOT_CLASS = YES_ERROR;
				CLANG_WARN_RANGE_LOOP_ANALYSIS = YES;
				CLANG_WARN_STRICT_PROTOTYPES = YES;
				CLANG_WARN_SUSPICIOUS_MOVE = YES;
				CLANG_WARN_UNGUARDED_AVAILABILITY = YES_AGGRESSIVE;
				CLANG_WARN_UNREACHABLE_CODE = YES;
				CLANG_WARN__DUPLICATE_METHOD_MATCH = YES;
				CODE_SIGN_IDENTITY = "iPhone Developer";
				COPY_PHASE_STRIP = NO;
				DEBUG_INFORMATION_FORMAT = "dwarf-with-dsym";
				ENABLE_NS_ASSERTIONS = NO;
				ENABLE_STRICT_OBJC_MSGSEND = YES;
				GCC_C_LANGUAGE_STANDARD = gnu11;
				GCC_NO_COMMON_BLOCKS = YES;
				GCC_WARN_64_TO_32_BIT_CONVERSION = YES;
				GCC_WARN_ABOUT_RETURN_TYPE = YES_ERROR;
				GCC_WARN_UNDECLARED_SELECTOR = YES;
				GCC_WARN_UNINITIALIZED_AUTOS = YES_AGGRESSIVE;
				GCC_WARN_UNUSED_FUNCTION = YES;
				GCC_WARN_UNUSED_VARIABLE = YES;
				IPHONEOS_DEPLOYMENT_TARGET = 11.3;
				MTL_ENABLE_DEBUG_INFO = NO;
				SDKROOT = iphoneos;
				SWIFT_COMPILATION_MODE = wholemodule;
				SWIFT_OPTIMIZATION_LEVEL = "-O";
				VALIDATE_PRODUCT = YES;
			};
			name = Release;
		};
		3486C3BC20A2181F00F1DE30 /* Debug */ = {
			isa = XCBuildConfiguration;
			buildSettings = {
				ASSETCATALOG_COMPILER_APPICON_NAME = AppIcon;
				CODE_SIGN_STYLE = Automatic;
				DEVELOPMENT_TEAM = X24R65DM8E;
				INFOPLIST_FILE = Snake/Info.plist;
				LD_RUNPATH_SEARCH_PATHS = (
					"$(inherited)",
					"@executable_path/Frameworks",
				);
				PRODUCT_BUNDLE_IDENTIFIER = devchallenge.snake;
				PRODUCT_NAME = "$(TARGET_NAME)";
				SWIFT_VERSION = 4.0;
				TARGETED_DEVICE_FAMILY = "1,2";
			};
			name = Debug;
		};
		3486C3BD20A2181F00F1DE30 /* Release */ = {
			isa = XCBuildConfiguration;
			buildSettings = {
				ASSETCATALOG_COMPILER_APPICON_NAME = AppIcon;
				CODE_SIGN_STYLE = Automatic;
				DEVELOPMENT_TEAM = X24R65DM8E;
				INFOPLIST_FILE = Snake/Info.plist;
				LD_RUNPATH_SEARCH_PATHS = (
					"$(inherited)",
					"@executable_path/Frameworks",
				);
				PRODUCT_BUNDLE_IDENTIFIER = devchallenge.snake;
				PRODUCT_NAME = "$(TARGET_NAME)";
				SWIFT_VERSION = 4.0;
				TARGETED_DEVICE_FAMILY = "1,2";
			};
			name = Release;
		};
/* End XCBuildConfiguration section */

/* Begin XCConfigurationList section */
		3486C39E20A2181D00F1DE30 /* Build configuration list for PBXProject "Snake" */ = {
			isa = XCConfigurationList;
			buildConfigurations = (
				3486C3B920A2181F00F1DE30 /* Debug */,
				3486C3BA20A2181F00F1DE30 /* Release */,
			);
			defaultConfigurationIsVisible = 0;
			defaultConfigurationName = Release;
		};
		3486C3BB20A2181F00F1DE30 /* Build configuration list for PBXNativeTarget "Snake" */ = {
			isa = XCConfigurationList;
			buildConfigurations = (
				3486C3BC20A2181F00F1DE30 /* Debug */,
				3486C3BD20A2181F00F1DE30 /* Release */,
			);
			defaultConfigurationIsVisible = 0;
			defaultConfigurationName = Release;
		};
/* End XCConfigurationList section */
	};
	rootObject = 3486C39B20A2181D00F1DE30 /* Project object */;
}
